
Microsoft Visual Studio Solution File, Format Version 12.00
# Visual Studio 14
VisualStudioVersion = 14.0.25420.1
MinimumVisualStudioVersion = 10.0.40219.1
Project("{FAE04EC0-301F-11D3-BF4B-00C04F79EFBC}") = "DrillSplit.Source", "DrillSplit.Source.csproj", "{1D375E30-75AB-4639-B1DF-8B1655348D77}"
	ProjectSection(ProjectDependencies) = postProject
		{DD8025C6-CEA5-431C-8EEF-D2854BB09748} = {DD8025C6-CEA5-431C-8EEF-D2854BB09748}
	EndProjectSection
EndProject
Project("{2150E333-8FDC-42A3-9474-1A3956D46DE8}") = "Solution Items", "Solution Items", "{8827F23E-E73B-41D0-895D-989213420278}"
	ProjectSection(SolutionItems) = preProject
		test.nc = test.nc
		test_short.nc = test_short.nc
	EndProjectSection
EndProject
Project("{FAE04EC0-301F-11D3-BF4B-00C04F79EFBC}") = "DrillSplit.Lib", "DrillSplit.Lib\DrillSplit.Lib.csproj", "{DD8025C6-CEA5-431C-8EEF-D2854BB09748}"
EndProject
Project("{FAE04EC0-301F-11D3-BF4B-00C04F79EFBC}") = "DrillSplit.UnitTest", "DrillSplit.UnitTest\DrillSplit.UnitTest.csproj", "{B4C9953C-7736-4D83-9AB1-11702F95CB99}"
EndProject
Global
	GlobalSection(SolutionConfigurationPlatforms) = preSolution
		Debug|Any CPU = Debug|Any CPU
		Release|Any CPU = Release|Any CPU
	EndGlobalSection
	GlobalSection(ProjectConfigurationPlatforms) = postSolution
		{1D375E30-75AB-4639-B1DF-8B1655348D77}.Debug|Any CPU.ActiveCfg = Debug|Any CPU
		{1D375E30-75AB-4639-B1DF-8B1655348D77}.Debug|Any CPU.Build.0 = Debug|Any CPU
		{1D375E30-75AB-4639-B1DF-8B1655348D77}.Debug|Any CPU.Deploy.0 = Debug|Any CPU
		{1D375E30-75AB-4639-B1DF-8B1655348D77}.Release|Any CPU.ActiveCfg = Release|Any CPU
		{1D375E30-75AB-4639-B1DF-8B1655348D77}.Release|Any CPU.Build.0 = Release|Any CPU
		{DD8025C6-CEA5-431C-8EEF-D2854BB09748}.Debug|Any CPU.ActiveCfg = Debug|Any CPU
		{DD8025C6-CEA5-431C-8EEF-D2854BB09748}.Debug|Any CPU.Build.0 = Debug|Any CPU
		{DD8025C6-CEA5-431C-8EEF-D2854BB09748}.Release|Any CPU.ActiveCfg = Release|Any CPU
		{DD8025C6-CEA5-431C-8EEF-D2854BB09748}.Release|Any CPU.Build.0 = Release|Any CPU
		{B4C9953C-7736-4D83-9AB1-11702F95CB99}.Debug|Any CPU.ActiveCfg = Debug|Any CPU
		{B4C9953C-7736-4D83-9AB1-11702F95CB99}.Debug|Any CPU.Build.0 = Debug|Any CPU
		{B4C9953C-7736-4D83-9AB1-11702F95CB99}.Release|Any CPU.ActiveCfg = Release|Any CPU
		{B4C9953C-7736-4D83-9AB1-11702F95CB99}.Release|Any CPU.Build.0 = Release|Any CPU
	EndGlobalSection
	GlobalSection(SolutionProperties) = preSolution
		HideSolutionNode = FALSE
	EndGlobalSection
EndGlobal
