
Microsoft Visual Studio Solution File, Format Version 12.00
# Visual Studio Version 16
VisualStudioVersion = 16.0.31605.320
MinimumVisualStudioVersion = 10.0.40219.1
Project("{FAE04EC0-301F-11D3-BF4B-00C04F79EFBC}") = "DrillSplit", "DrillSplit.csproj", "{1D375E30-75AB-4639-B1DF-8B1655348D77}"
	ProjectSection(ProjectDependencies) = postProject
		{DD8025C6-CEA5-431C-8EEF-D2854BB09748} = {DD8025C6-CEA5-431C-8EEF-D2854BB09748}
	EndProjectSection
EndProject
Project("{2150E333-8FDC-42A3-9474-1A3956D46DE8}") = "Solution Items", "Solution Items", "{8827F23E-E73B-41D0-895D-989213420278}"
	ProjectSection(SolutionItems) = preProject
		test.nc = test.nc
		test_short.nc = test_short.nc
	EndProjectSection
EndProject
Project("{FAE04EC0-301F-11D3-BF4B-00C04F79EFBC}") = "DrillSplit.Lib", "DrillSplit.Lib\DrillSplit.Lib.csproj", "{DD8025C6-CEA5-431C-8EEF-D2854BB09748}"
EndProject
Project("{FAE04EC0-301F-11D3-BF4B-00C04F79EFBC}") = "DrillSplit.UnitTest", "DrillSplit.UnitTest\DrillSplit.UnitTest.csproj", "{B4C9953C-7736-4D83-9AB1-11702F95CB99}"
EndProject
Project("{C7167F0D-BC9F-4E6E-AFE1-012C56B48DB5}") = "DrilSplit.Wap", "DrilSplit.Wap\DrilSplit.Wap.wapproj", "{F84A9AA0-1692-4214-BEA9-F9AB6A79E268}"
EndProject
Global
	GlobalSection(SolutionConfigurationPlatforms) = preSolution
		Debug|Any CPU = Debug|Any CPU
		Debug|ARM = Debug|ARM
		Debug|ARM64 = Debug|ARM64
		Debug|x64 = Debug|x64
		Debug|x86 = Debug|x86
		Release|Any CPU = Release|Any CPU
		Release|ARM = Release|ARM
		Release|ARM64 = Release|ARM64
		Release|x64 = Release|x64
		Release|x86 = Release|x86
	EndGlobalSection
	GlobalSection(ProjectConfigurationPlatforms) = postSolution
		{1D375E30-75AB-4639-B1DF-8B1655348D77}.Debug|Any CPU.ActiveCfg = Debug|Any CPU
		{1D375E30-75AB-4639-B1DF-8B1655348D77}.Debug|Any CPU.Build.0 = Debug|Any CPU
		{1D375E30-75AB-4639-B1DF-8B1655348D77}.Debug|Any CPU.Deploy.0 = Debug|Any CPU
		{1D375E30-75AB-4639-B1DF-8B1655348D77}.Debug|ARM.ActiveCfg = Debug|Any CPU
		{1D375E30-75AB-4639-B1DF-8B1655348D77}.Debug|ARM.Build.0 = Debug|Any CPU
		{1D375E30-75AB-4639-B1DF-8B1655348D77}.Debug|ARM64.ActiveCfg = Debug|Any CPU
		{1D375E30-75AB-4639-B1DF-8B1655348D77}.Debug|ARM64.Build.0 = Debug|Any CPU
		{1D375E30-75AB-4639-B1DF-8B1655348D77}.Debug|x64.ActiveCfg = Debug|x64
		{1D375E30-75AB-4639-B1DF-8B1655348D77}.Debug|x64.Build.0 = Debug|x64
		{1D375E30-75AB-4639-B1DF-8B1655348D77}.Debug|x86.ActiveCfg = Debug|x86
		{1D375E30-75AB-4639-B1DF-8B1655348D77}.Debug|x86.Build.0 = Debug|x86
		{1D375E30-75AB-4639-B1DF-8B1655348D77}.Release|Any CPU.ActiveCfg = Release|Any CPU
		{1D375E30-75AB-4639-B1DF-8B1655348D77}.Release|Any CPU.Build.0 = Release|Any CPU
		{1D375E30-75AB-4639-B1DF-8B1655348D77}.Release|ARM.ActiveCfg = Release|Any CPU
		{1D375E30-75AB-4639-B1DF-8B1655348D77}.Release|ARM.Build.0 = Release|Any CPU
		{1D375E30-75AB-4639-B1DF-8B1655348D77}.Release|ARM64.ActiveCfg = Release|Any CPU
		{1D375E30-75AB-4639-B1DF-8B1655348D77}.Release|ARM64.Build.0 = Release|Any CPU
		{1D375E30-75AB-4639-B1DF-8B1655348D77}.Release|x64.ActiveCfg = Release|Any CPU
		{1D375E30-75AB-4639-B1DF-8B1655348D77}.Release|x64.Build.0 = Release|Any CPU
		{1D375E30-75AB-4639-B1DF-8B1655348D77}.Release|x86.ActiveCfg = Release|Any CPU
		{1D375E30-75AB-4639-B1DF-8B1655348D77}.Release|x86.Build.0 = Release|Any CPU
		{DD8025C6-CEA5-431C-8EEF-D2854BB09748}.Debug|Any CPU.ActiveCfg = Debug|Any CPU
		{DD8025C6-CEA5-431C-8EEF-D2854BB09748}.Debug|Any CPU.Build.0 = Debug|Any CPU
		{DD8025C6-CEA5-431C-8EEF-D2854BB09748}.Debug|ARM.ActiveCfg = Debug|Any CPU
		{DD8025C6-CEA5-431C-8EEF-D2854BB09748}.Debug|ARM.Build.0 = Debug|Any CPU
		{DD8025C6-CEA5-431C-8EEF-D2854BB09748}.Debug|ARM64.ActiveCfg = Debug|Any CPU
		{DD8025C6-CEA5-431C-8EEF-D2854BB09748}.Debug|ARM64.Build.0 = Debug|Any CPU
		{DD8025C6-CEA5-431C-8EEF-D2854BB09748}.Debug|x64.ActiveCfg = Debug|x64
		{DD8025C6-CEA5-431C-8EEF-D2854BB09748}.Debug|x64.Build.0 = Debug|x64
		{DD8025C6-CEA5-431C-8EEF-D2854BB09748}.Debug|x86.ActiveCfg = Debug|x86
		{DD8025C6-CEA5-431C-8EEF-D2854BB09748}.Debug|x86.Build.0 = Debug|x86
		{DD8025C6-CEA5-431C-8EEF-D2854BB09748}.Release|Any CPU.ActiveCfg = Release|Any CPU
		{DD8025C6-CEA5-431C-8EEF-D2854BB09748}.Release|Any CPU.Build.0 = Release|Any CPU
		{DD8025C6-CEA5-431C-8EEF-D2854BB09748}.Release|ARM.ActiveCfg = Release|Any CPU
		{DD8025C6-CEA5-431C-8EEF-D2854BB09748}.Release|ARM.Build.0 = Release|Any CPU
		{DD8025C6-CEA5-431C-8EEF-D2854BB09748}.Release|ARM64.ActiveCfg = Release|Any CPU
		{DD8025C6-CEA5-431C-8EEF-D2854BB09748}.Release|ARM64.Build.0 = Release|Any CPU
		{DD8025C6-CEA5-431C-8EEF-D2854BB09748}.Release|x64.ActiveCfg = Release|Any CPU
		{DD8025C6-CEA5-431C-8EEF-D2854BB09748}.Release|x64.Build.0 = Release|Any CPU
		{DD8025C6-CEA5-431C-8EEF-D2854BB09748}.Release|x86.ActiveCfg = Release|Any CPU
		{DD8025C6-CEA5-431C-8EEF-D2854BB09748}.Release|x86.Build.0 = Release|Any CPU
		{B4C9953C-7736-4D83-9AB1-11702F95CB99}.Debug|Any CPU.ActiveCfg = Debug|Any CPU
		{B4C9953C-7736-4D83-9AB1-11702F95CB99}.Debug|Any CPU.Build.0 = Debug|Any CPU
		{B4C9953C-7736-4D83-9AB1-11702F95CB99}.Debug|ARM.ActiveCfg = Debug|Any CPU
		{B4C9953C-7736-4D83-9AB1-11702F95CB99}.Debug|ARM.Build.0 = Debug|Any CPU
		{B4C9953C-7736-4D83-9AB1-11702F95CB99}.Debug|ARM64.ActiveCfg = Debug|Any CPU
		{B4C9953C-7736-4D83-9AB1-11702F95CB99}.Debug|ARM64.Build.0 = Debug|Any CPU
		{B4C9953C-7736-4D83-9AB1-11702F95CB99}.Debug|x64.ActiveCfg = Debug|x64
		{B4C9953C-7736-4D83-9AB1-11702F95CB99}.Debug|x64.Build.0 = Debug|x64
		{B4C9953C-7736-4D83-9AB1-11702F95CB99}.Debug|x86.ActiveCfg = Debug|x86
		{B4C9953C-7736-4D83-9AB1-11702F95CB99}.Debug|x86.Build.0 = Debug|x86
		{B4C9953C-7736-4D83-9AB1-11702F95CB99}.Release|Any CPU.ActiveCfg = Release|Any CPU
		{B4C9953C-7736-4D83-9AB1-11702F95CB99}.Release|Any CPU.Build.0 = Release|Any CPU
		{B4C9953C-7736-4D83-9AB1-11702F95CB99}.Release|ARM.ActiveCfg = Release|Any CPU
		{B4C9953C-7736-4D83-9AB1-11702F95CB99}.Release|ARM.Build.0 = Release|Any CPU
		{B4C9953C-7736-4D83-9AB1-11702F95CB99}.Release|ARM64.ActiveCfg = Release|Any CPU
		{B4C9953C-7736-4D83-9AB1-11702F95CB99}.Release|ARM64.Build.0 = Release|Any CPU
		{B4C9953C-7736-4D83-9AB1-11702F95CB99}.Release|x64.ActiveCfg = Release|Any CPU
		{B4C9953C-7736-4D83-9AB1-11702F95CB99}.Release|x64.Build.0 = Release|Any CPU
		{B4C9953C-7736-4D83-9AB1-11702F95CB99}.Release|x86.ActiveCfg = Release|Any CPU
		{B4C9953C-7736-4D83-9AB1-11702F95CB99}.Release|x86.Build.0 = Release|Any CPU
		{F84A9AA0-1692-4214-BEA9-F9AB6A79E268}.Debug|Any CPU.ActiveCfg = Debug|Any CPU
		{F84A9AA0-1692-4214-BEA9-F9AB6A79E268}.Debug|Any CPU.Build.0 = Debug|Any CPU
		{F84A9AA0-1692-4214-BEA9-F9AB6A79E268}.Debug|Any CPU.Deploy.0 = Debug|Any CPU
		{F84A9AA0-1692-4214-BEA9-F9AB6A79E268}.Debug|ARM.ActiveCfg = Debug|ARM
		{F84A9AA0-1692-4214-BEA9-F9AB6A79E268}.Debug|ARM.Build.0 = Debug|ARM
		{F84A9AA0-1692-4214-BEA9-F9AB6A79E268}.Debug|ARM.Deploy.0 = Debug|ARM
		{F84A9AA0-1692-4214-BEA9-F9AB6A79E268}.Debug|ARM64.ActiveCfg = Debug|ARM64
		{F84A9AA0-1692-4214-BEA9-F9AB6A79E268}.Debug|ARM64.Build.0 = Debug|ARM64
		{F84A9AA0-1692-4214-BEA9-F9AB6A79E268}.Debug|ARM64.Deploy.0 = Debug|ARM64
		{F84A9AA0-1692-4214-BEA9-F9AB6A79E268}.Debug|x64.ActiveCfg = Debug|x64
		{F84A9AA0-1692-4214-BEA9-F9AB6A79E268}.Debug|x64.Build.0 = Debug|x64
		{F84A9AA0-1692-4214-BEA9-F9AB6A79E268}.Debug|x64.Deploy.0 = Debug|x64
		{F84A9AA0-1692-4214-BEA9-F9AB6A79E268}.Debug|x86.ActiveCfg = Debug|x86
		{F84A9AA0-1692-4214-BEA9-F9AB6A79E268}.Debug|x86.Build.0 = Debug|x86
		{F84A9AA0-1692-4214-BEA9-F9AB6A79E268}.Debug|x86.Deploy.0 = Debug|x86
		{F84A9AA0-1692-4214-BEA9-F9AB6A79E268}.Release|Any CPU.ActiveCfg = Release|Any CPU
		{F84A9AA0-1692-4214-BEA9-F9AB6A79E268}.Release|Any CPU.Build.0 = Release|Any CPU
		{F84A9AA0-1692-4214-BEA9-F9AB6A79E268}.Release|Any CPU.Deploy.0 = Release|Any CPU
		{F84A9AA0-1692-4214-BEA9-F9AB6A79E268}.Release|ARM.ActiveCfg = Release|ARM
		{F84A9AA0-1692-4214-BEA9-F9AB6A79E268}.Release|ARM.Build.0 = Release|ARM
		{F84A9AA0-1692-4214-BEA9-F9AB6A79E268}.Release|ARM.Deploy.0 = Release|ARM
		{F84A9AA0-1692-4214-BEA9-F9AB6A79E268}.Release|ARM64.ActiveCfg = Release|ARM64
		{F84A9AA0-1692-4214-BEA9-F9AB6A79E268}.Release|ARM64.Build.0 = Release|ARM64
		{F84A9AA0-1692-4214-BEA9-F9AB6A79E268}.Release|ARM64.Deploy.0 = Release|ARM64
		{F84A9AA0-1692-4214-BEA9-F9AB6A79E268}.Release|x64.ActiveCfg = Release|x64
		{F84A9AA0-1692-4214-BEA9-F9AB6A79E268}.Release|x64.Build.0 = Release|x64
		{F84A9AA0-1692-4214-BEA9-F9AB6A79E268}.Release|x64.Deploy.0 = Release|x64
		{F84A9AA0-1692-4214-BEA9-F9AB6A79E268}.Release|x86.ActiveCfg = Release|x86
		{F84A9AA0-1692-4214-BEA9-F9AB6A79E268}.Release|x86.Build.0 = Release|x86
		{F84A9AA0-1692-4214-BEA9-F9AB6A79E268}.Release|x86.Deploy.0 = Release|x86
	EndGlobalSection
	GlobalSection(SolutionProperties) = preSolution
		HideSolutionNode = FALSE
	EndGlobalSection
	GlobalSection(ExtensibilityGlobals) = postSolution
		SolutionGuid = {2391028D-355E-4FB7-B325-08ADC4A12458}
	EndGlobalSection
EndGlobal
